
Microsoft Visual Studio Solution File, Format Version 12.00
# Visual Studio Version 16
VisualStudioVersion = 16.0.28729.10
MinimumVisualStudioVersion = 10.0.40219.1
Project("{FAE04EC0-301F-11D3-BF4B-00C04F79EFBC}") = "CarShared.WebUI", "CarShared.WebUI\CarShared.WebUI.csproj", "{75C32C76-3134-4871-AEE9-AC917B7C9BA3}"
EndProject
Project("{FAE04EC0-301F-11D3-BF4B-00C04F79EFBC}") = "CarShared.BLL", "CarShared.BLL\CarShared.BLL.csproj", "{B5883AE1-33D4-4E02-A28F-A5BD89EDE3D2}"
EndProject
Project("{FAE04EC0-301F-11D3-BF4B-00C04F79EFBC}") = "CarShared.DAL", "CarShared.DAL\CarShared.DAL.csproj", "{A81CCCF8-FC7E-4240-85C4-C47D7DC3C224}"
EndProject
Project("{FAE04EC0-301F-11D3-BF4B-00C04F79EFBC}") = "CarShared.Common", "CarShared.Shared\CarShared.Common.csproj", "{DC33FC7A-1D75-4429-BFC6-08CEB145F2BD}"
EndProject
Project("{FAE04EC0-301F-11D3-BF4B-00C04F79EFBC}") = "CarShared.BLLTests", "CarShared.BLLTests\CarShared.BLLTests.csproj", "{AA21BBF1-D7C3-4E1F-8ABD-12C95FDD6771}"
EndProject
Global
	GlobalSection(SolutionConfigurationPlatforms) = preSolution
		Debug|Any CPU = Debug|Any CPU
		Release|Any CPU = Release|Any CPU
	EndGlobalSection
	GlobalSection(ProjectConfigurationPlatforms) = postSolution
		{75C32C76-3134-4871-AEE9-AC917B7C9BA3}.Debug|Any CPU.ActiveCfg = Debug|Any CPU
		{75C32C76-3134-4871-AEE9-AC917B7C9BA3}.Debug|Any CPU.Build.0 = Debug|Any CPU
		{75C32C76-3134-4871-AEE9-AC917B7C9BA3}.Release|Any CPU.ActiveCfg = Release|Any CPU
		{75C32C76-3134-4871-AEE9-AC917B7C9BA3}.Release|Any CPU.Build.0 = Release|Any CPU
		{B5883AE1-33D4-4E02-A28F-A5BD89EDE3D2}.Debug|Any CPU.ActiveCfg = Debug|Any CPU
		{B5883AE1-33D4-4E02-A28F-A5BD89EDE3D2}.Debug|Any CPU.Build.0 = Debug|Any CPU
		{B5883AE1-33D4-4E02-A28F-A5BD89EDE3D2}.Release|Any CPU.ActiveCfg = Release|Any CPU
		{B5883AE1-33D4-4E02-A28F-A5BD89EDE3D2}.Release|Any CPU.Build.0 = Release|Any CPU
		{A81CCCF8-FC7E-4240-85C4-C47D7DC3C224}.Debug|Any CPU.ActiveCfg = Debug|Any CPU
		{A81CCCF8-FC7E-4240-85C4-C47D7DC3C224}.Debug|Any CPU.Build.0 = Debug|Any CPU
		{A81CCCF8-FC7E-4240-85C4-C47D7DC3C224}.Release|Any CPU.ActiveCfg = Release|Any CPU
		{A81CCCF8-FC7E-4240-85C4-C47D7DC3C224}.Release|Any CPU.Build.0 = Release|Any CPU
		{DC33FC7A-1D75-4429-BFC6-08CEB145F2BD}.Debug|Any CPU.ActiveCfg = Debug|Any CPU
		{DC33FC7A-1D75-4429-BFC6-08CEB145F2BD}.Debug|Any CPU.Build.0 = Debug|Any CPU
		{DC33FC7A-1D75-4429-BFC6-08CEB145F2BD}.Release|Any CPU.ActiveCfg = Release|Any CPU
		{DC33FC7A-1D75-4429-BFC6-08CEB145F2BD}.Release|Any CPU.Build.0 = Release|Any CPU
		{AA21BBF1-D7C3-4E1F-8ABD-12C95FDD6771}.Debug|Any CPU.ActiveCfg = Debug|Any CPU
		{AA21BBF1-D7C3-4E1F-8ABD-12C95FDD6771}.Debug|Any CPU.Build.0 = Debug|Any CPU
		{AA21BBF1-D7C3-4E1F-8ABD-12C95FDD6771}.Release|Any CPU.ActiveCfg = Release|Any CPU
		{AA21BBF1-D7C3-4E1F-8ABD-12C95FDD6771}.Release|Any CPU.Build.0 = Release|Any CPU
	EndGlobalSection
	GlobalSection(SolutionProperties) = preSolution
		HideSolutionNode = FALSE
	EndGlobalSection
	GlobalSection(ExtensibilityGlobals) = postSolution
		SolutionGuid = {CD0E13FB-2489-47BF-B7B4-72FCAD276298}
	EndGlobalSection
EndGlobal
